
Microsoft Visual Studio Solution File, Format Version 12.00
# Visual Studio Version 17
VisualStudioVersion = 17.3.32922.545
MinimumVisualStudioVersion = 10.0.40219.1
Project("{9A19103F-16F7-4668-BE54-9A1E7A4F7556}") = "LeapYear", "Task3\LeapYear.csproj", "{BA05F981-9331-4982-A0D1-896BE8072B72}"
EndProject
Project("{FAE04EC0-301F-11D3-BF4B-00C04F79EFBC}") = "GuessingGame", "GuessingGame\GuessingGame.csproj", "{881E0C01-6F06-4292-B1F3-89F0D4F350E5}"
EndProject
Project("{FAE04EC0-301F-11D3-BF4B-00C04F79EFBC}") = "PigLatin", "PigLatin\PigLatin.csproj", "{27ABBC22-E579-42F8-89E1-9070239318FA}"
EndProject
Global
	GlobalSection(SolutionConfigurationPlatforms) = preSolution
		Debug|Any CPU = Debug|Any CPU
		Release|Any CPU = Release|Any CPU
	EndGlobalSection
	GlobalSection(ProjectConfigurationPlatforms) = postSolution
		{BA05F981-9331-4982-A0D1-896BE8072B72}.Debug|Any CPU.ActiveCfg = Debug|Any CPU
		{BA05F981-9331-4982-A0D1-896BE8072B72}.Debug|Any CPU.Build.0 = Debug|Any CPU
		{BA05F981-9331-4982-A0D1-896BE8072B72}.Release|Any CPU.ActiveCfg = Release|Any CPU
		{BA05F981-9331-4982-A0D1-896BE8072B72}.Release|Any CPU.Build.0 = Release|Any CPU
		{881E0C01-6F06-4292-B1F3-89F0D4F350E5}.Debug|Any CPU.ActiveCfg = Debug|Any CPU
		{881E0C01-6F06-4292-B1F3-89F0D4F350E5}.Debug|Any CPU.Build.0 = Debug|Any CPU
		{881E0C01-6F06-4292-B1F3-89F0D4F350E5}.Release|Any CPU.ActiveCfg = Release|Any CPU
		{881E0C01-6F06-4292-B1F3-89F0D4F350E5}.Release|Any CPU.Build.0 = Release|Any CPU
		{27ABBC22-E579-42F8-89E1-9070239318FA}.Debug|Any CPU.ActiveCfg = Debug|Any CPU
		{27ABBC22-E579-42F8-89E1-9070239318FA}.Debug|Any CPU.Build.0 = Debug|Any CPU
		{27ABBC22-E579-42F8-89E1-9070239318FA}.Release|Any CPU.ActiveCfg = Release|Any CPU
		{27ABBC22-E579-42F8-89E1-9070239318FA}.Release|Any CPU.Build.0 = Release|Any CPU
	EndGlobalSection
	GlobalSection(SolutionProperties) = preSolution
		HideSolutionNode = FALSE
	EndGlobalSection
	GlobalSection(ExtensibilityGlobals) = postSolution
		SolutionGuid = {348032D7-66AE-42F1-95CB-BCA0B1CC86AC}
	EndGlobalSection
EndGlobal
